
Microsoft Visual Studio Solution File, Format Version 12.00
# Visual Studio Version 16
VisualStudioVersion = 16.0.30611.23
MinimumVisualStudioVersion = 10.0.40219.1
Project("{8BC9CEB8-8B4A-11D0-8D11-00A0C91BC942}") = "fast-monitor", "fast-monitor\fast-monitor.vcxproj", "{70C537A0-A4C7-41EE-A130-A24CB28330FC}"
EndProject
Project("{2150E333-8FDC-42A3-9474-1A3956D46DE8}") = "Solution Items", "Solution Items", "{C312D6FD-F3B5-4AF3-88AD-44E50699B13E}"
EndProject
Project("{8BC9CEB8-8B4A-11D0-8D11-00A0C91BC942}") = "FAST-DLL", "FAST-DLL\FAST-DLL.vcxproj", "{194CD7AD-9989-47FB-A650-899AE6478E94}"
EndProject
Project("{8BC9CEB8-8B4A-11D0-8D11-00A0C91BC942}") = "hook-dll", "hook-dll\hook-dll.vcxproj", "{CD284EFC-C719-4420-B901-4A7DC8292DAC}"
EndProject
Global
	GlobalSection(SolutionConfigurationPlatforms) = preSolution
		Debug|x64 = Debug|x64
		Debug|x86 = Debug|x86
		Release|x64 = Release|x64
		Release|x86 = Release|x86
	EndGlobalSection
	GlobalSection(ProjectConfigurationPlatforms) = postSolution
		{70C537A0-A4C7-41EE-A130-A24CB28330FC}.Debug|x64.ActiveCfg = Debug|x64
		{70C537A0-A4C7-41EE-A130-A24CB28330FC}.Debug|x64.Build.0 = Debug|x64
		{70C537A0-A4C7-41EE-A130-A24CB28330FC}.Debug|x86.ActiveCfg = Debug|Win32
		{70C537A0-A4C7-41EE-A130-A24CB28330FC}.Debug|x86.Build.0 = Debug|Win32
		{70C537A0-A4C7-41EE-A130-A24CB28330FC}.Release|x64.ActiveCfg = Release|x64
		{70C537A0-A4C7-41EE-A130-A24CB28330FC}.Release|x64.Build.0 = Release|x64
		{70C537A0-A4C7-41EE-A130-A24CB28330FC}.Release|x86.ActiveCfg = Release|Win32
		{70C537A0-A4C7-41EE-A130-A24CB28330FC}.Release|x86.Build.0 = Release|Win32
		{194CD7AD-9989-47FB-A650-899AE6478E94}.Debug|x64.ActiveCfg = Debug|x64
		{194CD7AD-9989-47FB-A650-899AE6478E94}.Debug|x64.Build.0 = Debug|x64
		{194CD7AD-9989-47FB-A650-899AE6478E94}.Debug|x86.ActiveCfg = Debug|Win32
		{194CD7AD-9989-47FB-A650-899AE6478E94}.Debug|x86.Build.0 = Debug|Win32
		{194CD7AD-9989-47FB-A650-899AE6478E94}.Release|x64.ActiveCfg = Release|x64
		{194CD7AD-9989-47FB-A650-899AE6478E94}.Release|x64.Build.0 = Release|x64
		{194CD7AD-9989-47FB-A650-899AE6478E94}.Release|x86.ActiveCfg = Release|Win32
		{194CD7AD-9989-47FB-A650-899AE6478E94}.Release|x86.Build.0 = Release|Win32
		{CD284EFC-C719-4420-B901-4A7DC8292DAC}.Debug|x64.ActiveCfg = Debug|x64
		{CD284EFC-C719-4420-B901-4A7DC8292DAC}.Debug|x64.Build.0 = Debug|x64
		{CD284EFC-C719-4420-B901-4A7DC8292DAC}.Debug|x86.ActiveCfg = Debug|Win32
		{CD284EFC-C719-4420-B901-4A7DC8292DAC}.Debug|x86.Build.0 = Debug|Win32
		{CD284EFC-C719-4420-B901-4A7DC8292DAC}.Release|x64.ActiveCfg = Release|x64
		{CD284EFC-C719-4420-B901-4A7DC8292DAC}.Release|x64.Build.0 = Release|x64
		{CD284EFC-C719-4420-B901-4A7DC8292DAC}.Release|x86.ActiveCfg = Release|Win32
		{CD284EFC-C719-4420-B901-4A7DC8292DAC}.Release|x86.Build.0 = Release|Win32
	EndGlobalSection
	GlobalSection(SolutionProperties) = preSolution
		HideSolutionNode = FALSE
	EndGlobalSection
	GlobalSection(ExtensibilityGlobals) = postSolution
		SolutionGuid = {15101882-60F4-4C35-836D-CA9A72545466}
	EndGlobalSection
EndGlobal
